
Microsoft Visual Studio Solution File, Format Version 12.00
# Visual Studio Version 17
VisualStudioVersion = 17.14.36429.23 d17.14
MinimumVisualStudioVersion = 10.0.40219.1
Project("{FAE04EC0-301F-11D3-BF4B-00C04F79EFBC}") = "FirestoreImporter", "FirestoreImporter.csproj", "{28099F6E-D689-2089-3DBA-1B29A10F52E4}"
EndProject
Global
	GlobalSection(SolutionConfigurationPlatforms) = preSolution
		Debug|Any CPU = Debug|Any CPU
		Release|Any CPU = Release|Any CPU
	EndGlobalSection
	GlobalSection(ProjectConfigurationPlatforms) = postSolution
		{28099F6E-D689-2089-3DBA-1B29A10F52E4}.Debug|Any CPU.ActiveCfg = Debug|Any CPU
		{28099F6E-D689-2089-3DBA-1B29A10F52E4}.Debug|Any CPU.Build.0 = Debug|Any CPU
		{28099F6E-D689-2089-3DBA-1B29A10F52E4}.Release|Any CPU.ActiveCfg = Release|Any CPU
		{28099F6E-D689-2089-3DBA-1B29A10F52E4}.Release|Any CPU.Build.0 = Release|Any CPU
	EndGlobalSection
	GlobalSection(SolutionProperties) = preSolution
		HideSolutionNode = FALSE
	EndGlobalSection
	GlobalSection(ExtensibilityGlobals) = postSolution
		SolutionGuid = {39396AA2-D685-4FBA-A82B-2FFA0DE57694}
	EndGlobalSection
EndGlobal
